<?xml version="1.0" encoding="utf-8"?>
<Project ToolsVersion="4.0" xmlns="http://schemas.microsoft.com/developer/msbuild/2003">
  <ItemGroup>
    <Filter Include="Source Files">
      <UniqueIdentifier>{4FC737F1-C7A5-4376-A066-2A32D752A2FF}</UniqueIdentifier>
      <Extensions>cpp;c;cc;cxx;c++;cppm;ixx;def;odl;idl;hpj;bat;asm;asmx</Extensions>
    </Filter>
    <Filter Include="Header Files">
      <UniqueIdentifier>{93995380-89BD-4b04-88EB-625FBE52EBFB}</UniqueIdentifier>
      <Extensions>h;hh;hpp;hxx;h++;hm;inl;inc;ipp;xsd</Extensions>
    </Filter>
    <Filter Include="Resource Files">
      <UniqueIdentifier>{67DA6AB6-F800-4c08-8B7A-83BB121AAD01}</UniqueIdentifier>
      <Extensions>rc;ico;cur;bmp;dlg;rc2;rct;bin;rgs;gif;jpg;jpeg;jpe;resx;tiff;tif;png;wav;mfcribbon-ms</Extensions>
    </Filter>
    <Filter Include="Header Files\Questions">
      <UniqueIdentifier>{dd6e5b9c-4696-4015-8db6-2d542ac8c23e}</UniqueIdentifier>
    </Filter>
    <Filter Include="Source Files\Questions">
      <UniqueIdentifier>{91fe879e-8057-414b-ae83-f5c0005edd57}</UniqueIdentifier>
    </Filter>
  </ItemGroup>
  <ItemGroup>
    <ClCompile Include="Tests_Software_v3.cpp">
      <Filter>Source Files</Filter>
    </ClCompile>
    <ClCompile Include="Editor.cpp">
      <Filter>Source Files</Filter>
    </ClCompile>
    <ClCompile Include="User.cpp">
      <Filter>Source Files</Filter>
    </ClCompile>
    <ClCompile Include="Test.cpp">
      <Filter>Source Files</Filter>
    </ClCompile>
    <ClCompile Include="MatchingQuestion.cpp">
      <Filter>Source Files\Questions</Filter>
    </ClCompile>
    <ClCompile Include="MultipleChoiseQuestion.cpp">
      <Filter>Source Files\Questions</Filter>
    </ClCompile>
    <ClCompile Include="SingleChoiseQuestion.cpp">
      <Filter>Source Files\Questions</Filter>
    </ClCompile>
    <ClCompile Include="Answer.cpp">
      <Filter>Source Files\Questions</Filter>
    </ClCompile>
    <ClCompile Include="StudentAnswers.cpp">
      <Filter>Source Files</Filter>
    </ClCompile>
    <ClCompile Include="Student.cpp">
      <Filter>Source Files</Filter>
    </ClCompile>
    <ClCompile Include="Teacher.cpp">
      <Filter>Source Files</Filter>
    </ClCompile>
    <ClCompile Include="Pair.cpp">
      <Filter>Source Files\Questions</Filter>
    </ClCompile>
    <ClCompile Include="Question.cpp">
      <Filter>Source Files\Questions</Filter>
    </ClCompile>
  </ItemGroup>
  <ItemGroup>
    <ClInclude Include="Editor.h">
      <Filter>Header Files</Filter>
    </ClInclude>
    <ClInclude Include="User.h">
      <Filter>Header Files</Filter>
    </ClInclude>
    <ClInclude Include="Test.h">
      <Filter>Header Files</Filter>
    </ClInclude>
    <ClInclude Include="MatchingQuestion.h">
      <Filter>Header Files\Questions</Filter>
    </ClInclude>
    <ClInclude Include="MultipleChoiseQuestion.h">
      <Filter>Header Files\Questions</Filter>
    </ClInclude>
    <ClInclude Include="SingleChoiseQuestion.h">
      <Filter>Header Files\Questions</Filter>
    </ClInclude>
    <ClInclude Include="Answer.h">
      <Filter>Header Files\Questions</Filter>
    </ClInclude>
    <ClInclude Include="StudentAnswers.h">
      <Filter>Header Files</Filter>
    </ClInclude>
    <ClInclude Include="Student.h">
      <Filter>Header Files</Filter>
    </ClInclude>
    <ClInclude Include="Teacher.h">
      <Filter>Header Files</Filter>
    </ClInclude>
    <ClInclude Include="Pair.h">
      <Filter>Header Files\Questions</Filter>
    </ClInclude>
    <ClInclude Include="Question.h">
      <Filter>Header Files\Questions</Filter>
    </ClInclude>
  </ItemGroup>
</Project>